
Microsoft Visual Studio Solution File, Format Version 12.00
# Visual Studio Version 17
VisualStudioVersion = 17.11.35222.181
MinimumVisualStudioVersion = 10.0.40219.1
Project("{FAE04EC0-301F-11D3-BF4B-00C04F79EFBC}") = "ConsoleApp1", "ConsoleApp1\ConsoleApp1.csproj", "{228FC398-B4BD-445A-AEC4-ECE8C2EE8848}"
EndProject
Global
	GlobalSection(SolutionConfigurationPlatforms) = preSolution
		Debug|Any CPU = Debug|Any CPU
		Release|Any CPU = Release|Any CPU
	EndGlobalSection
	GlobalSection(ProjectConfigurationPlatforms) = postSolution
		{228FC398-B4BD-445A-AEC4-ECE8C2EE8848}.Debug|Any CPU.ActiveCfg = Debug|Any CPU
		{228FC398-B4BD-445A-AEC4-ECE8C2EE8848}.Debug|Any CPU.Build.0 = Debug|Any CPU
		{228FC398-B4BD-445A-AEC4-ECE8C2EE8848}.Release|Any CPU.ActiveCfg = Release|Any CPU
		{228FC398-B4BD-445A-AEC4-ECE8C2EE8848}.Release|Any CPU.Build.0 = Release|Any CPU
	EndGlobalSection
	GlobalSection(SolutionProperties) = preSolution
		HideSolutionNode = FALSE
	EndGlobalSection
	GlobalSection(ExtensibilityGlobals) = postSolution
		SolutionGuid = {7601B720-4545-497B-AF50-2D5E2B574CA1}
	EndGlobalSection
EndGlobal
